{
  "version": "5",
  "specifiers": {
    "jsr:@std/assert@*": "1.0.18",
    "jsr:@std/internal@^1.0.12": "1.0.12",
    "jsr:@supabase/functions-js@^0.0.0-automated": "0.0.0-jsr-test.1",
    "jsr:@supabase/supabase-js@2": "2.100.1",
    "npm:@atproto/api@0.14.0": "0.14.0",
    "npm:@pkmn/sets@^5.2.0": "5.2.0",
    "npm:@pkmn/sim@~0.10.7": "0.10.7",
    "npm:@supabase/auth-js@2.100.1": "2.100.1",
    "npm:@supabase/postgrest-js@2.100.1": "2.100.1",
    "npm:@supabase/realtime-js@2.100.1": "2.100.1",
    "npm:@supabase/storage-js@2.100.1": "2.100.1",
    "npm:obscenity@~0.4.6": "0.4.6",
    "npm:zod@3": "3.25.76"
  },
  "jsr": {
    "@std/assert@1.0.18": {
      "integrity": "270245e9c2c13b446286de475131dc688ca9abcd94fc5db41d43a219b34d1c78",
      "dependencies": [
        "jsr:@std/internal"
      ]
    },
    "@std/internal@1.0.12": {
      "integrity": "972a634fd5bc34b242024402972cd5143eac68d8dffaca5eaa4dba30ce17b027"
    },
    "@supabase/functions-js@0.0.0-jsr-test.1": {
      "integrity": "b1b37924af1f0011b4753201e1585a37b030e996c6682492e02575eb27d902b2"
    },
    "@supabase/supabase-js@2.100.1": {
      "integrity": "378ce40ae4f8035aa57fb2debb0b91b95dc9264dd69eb33186b104475e76205c",
      "dependencies": [
        "jsr:@supabase/functions-js",
        "npm:@supabase/auth-js",
        "npm:@supabase/postgrest-js",
        "npm:@supabase/realtime-js",
        "npm:@supabase/storage-js"
      ]
    }
  },
  "npm": {
    "@atproto/api@0.14.0": {
      "integrity": "sha512-KB+kMVdsDo7rW5S0vBpsPASepS717WPec8FAY04azhdCknlj7yh2FhMLYQu9dDb/uSJASAZGQEkDQUhumBk9fw==",
      "dependencies": [
        "@atproto/common-web",
        "@atproto/lexicon",
        "@atproto/syntax@0.3.4",
        "@atproto/xrpc",
        "await-lock",
        "multiformats",
        "tlds",
        "zod"
      ]
    },
    "@atproto/common-web@0.4.19": {
      "integrity": "sha512-3BTi58p5WpT+9/zb6UZrdsXcfPo5P45UJm0E4iwHLILr+jc37CuBj9JReDSZ4U0i9RTrI3ZkfySyZ9bd+LnMsw==",
      "dependencies": [
        "@atproto/lex-data",
        "@atproto/lex-json",
        "@atproto/syntax@0.5.2",
        "zod"
      ]
    },
    "@atproto/lex-data@0.0.14": {
      "integrity": "sha512-53DUa9664SS76nGAMYopWsO10OH0AAdf7P/HSKB6Wzx3iqe6lk/K61QZnKxOG1LreYl5CfvIJU6eNf4txI6GlQ==",
      "dependencies": [
        "multiformats",
        "tslib",
        "uint8arrays",
        "unicode-segmenter"
      ]
    },
    "@atproto/lex-json@0.0.14": {
      "integrity": "sha512-6lPkDKqe7teEu4WrN5q7400cvZKgYS3uwUMvzG3F9XkgVYhOwSDCtouV/nSLBbpvo3l9OP0kiigtclcNcyekww==",
      "dependencies": [
        "@atproto/lex-data",
        "tslib"
      ]
    },
    "@atproto/lexicon@0.4.14": {
      "integrity": "sha512-jiKpmH1QER3Gvc7JVY5brwrfo+etFoe57tKPQX/SmPwjvUsFnJAow5xLIryuBaJgFAhnTZViXKs41t//pahGHQ==",
      "dependencies": [
        "@atproto/common-web",
        "@atproto/syntax@0.4.3",
        "iso-datestring-validator",
        "multiformats",
        "zod"
      ]
    },
    "@atproto/syntax@0.3.4": {
      "integrity": "sha512-8CNmi5DipOLaVeSMPggMe7FCksVag0aO6XZy9WflbduTKM4dFZVCs4686UeMLfGRXX+X966XgwECHoLYrovMMg=="
    },
    "@atproto/syntax@0.4.3": {
      "integrity": "sha512-YoZUz40YAJr5nPwvCDWgodEOlt5IftZqPJvA0JDWjuZKD8yXddTwSzXSaKQAzGOpuM+/A3uXRtPzJJqlScc+iA==",
      "dependencies": [
        "tslib"
      ]
    },
    "@atproto/syntax@0.5.2": {
      "integrity": "sha512-W41szOnkppoHr0iCUrzL8gy3OD6qmDyp1UvUgmTx2oFQfgbudpz51T/gznesiCcqiUT5obfHdx4PJ+WdlEOE7Q==",
      "dependencies": [
        "tslib"
      ]
    },
    "@atproto/xrpc@0.6.12": {
      "integrity": "sha512-Ut3iISNLujlmY9Gu8sNU+SPDJDvqlVzWddU8qUr0Yae5oD4SguaUFjjhireMGhQ3M5E0KljQgDbTmnBo1kIZ3w==",
      "dependencies": [
        "@atproto/lexicon",
        "zod"
      ]
    },
    "@pkmn/sets@5.2.0": {
      "integrity": "sha512-WHAW6bZu0WCo/3b+LTW7BE0fBhYZnWH1lCXIu2an8/wTiZ/+s1eTcQYj7W/YQKxWT5dm/La03AZ6CeqdJip9CQ==",
      "dependencies": [
        "@pkmn/types"
      ]
    },
    "@pkmn/sim@0.10.7": {
      "integrity": "sha512-X30oWBU17kniD98GPRTtn3Ww7qMpvfFUyCFildTelYHanTwIFE408OGFx2CCMJJMaaEZsyuQCMHuG6tghc+Udw==",
      "dependencies": [
        "@pkmn/sets",
        "@pkmn/streams",
        "ts-chacha20"
      ]
    },
    "@pkmn/streams@1.1.0": {
      "integrity": "sha512-Pp9k7gt4xd76DqTU+LQEUyzuaauM4bV1MlehVtX1NS7o9zMFtjw50MfaEQ62dIMZyzxNjsJGoLGBeY1iSYLsRA=="
    },
    "@pkmn/types@4.0.0": {
      "integrity": "sha512-gR2s/pxJYEegek1TtsYCQupNR3d5hMlcJFsiD+2LyfKr4tc+gETTql47tWLX5mFSbPcbXh7f4+7txlMIDoZx/g=="
    },
    "@supabase/auth-js@2.100.1": {
      "integrity": "sha512-c5FB4nrG7cs1mLSzFGuIVl2iR2YO5XkSJ96uF4zubYm8YDn71XOi2emE9sBm/avfGCj61jaRBLOvxEAVnpys0Q==",
      "dependencies": [
        "tslib"
      ]
    },
    "@supabase/phoenix@0.4.0": {
      "integrity": "sha512-RHSx8bHS02xwfHdAbX5Lpbo6PXbgyf7lTaXTlwtFDPwOIw64NnVRwFAXGojHhjtVYI+PEPNSWwkL90f4agN3bw=="
    },
    "@supabase/postgrest-js@2.100.1": {
      "integrity": "sha512-OIh4mOSo2LdqF2kox76OAPDtcSs+PwKABJOjc6plUV4/LXhFEsI2uwdEEIs7K7fd141qehWEVl/Y+Ts0fNvYsw==",
      "dependencies": [
        "tslib"
      ]
    },
    "@supabase/realtime-js@2.100.1": {
      "integrity": "sha512-FHuRWPX4qZQ4x+0Q+ZrKaBZnOiVGiwsgiAUJM98pYRib1yeaE/fOM1lZ1ozd+4gA8Udw23OyaD8SxKS5mT5NYw==",
      "dependencies": [
        "@supabase/phoenix",
        "@types/ws",
        "tslib",
        "ws"
      ]
    },
    "@supabase/storage-js@2.100.1": {
      "integrity": "sha512-x9xpEIoWM4xKiAlwfWTgHPSN6N4Y0aS4FVU4F6ZPbq7Gayw08SrtC6/YH/gOr8CjXQr0HxXYXDop2xGTSjubYA==",
      "dependencies": [
        "iceberg-js",
        "tslib"
      ]
    },
    "@types/node@25.5.0": {
      "integrity": "sha512-jp2P3tQMSxWugkCUKLRPVUpGaL5MVFwF8RDuSRztfwgN1wmqJeMSbKlnEtQqU8UrhTmzEmZdu2I6v2dpp7XIxw==",
      "dependencies": [
        "undici-types"
      ]
    },
    "@types/ws@8.18.1": {
      "integrity": "sha512-ThVF6DCVhA8kUGy+aazFQ4kXQ7E1Ty7A3ypFOe0IcJV8O/M511G99AW24irKrW56Wt44yG9+ij8FaqoBGkuBXg==",
      "dependencies": [
        "@types/node"
      ]
    },
    "await-lock@2.2.2": {
      "integrity": "sha512-aDczADvlvTGajTDjcjpJMqRkOF6Qdz3YbPZm/PyW6tKPkx2hlYBzxMhEywM/tU72HrVZjgl5VCdRuMlA7pZ8Gw=="
    },
    "iceberg-js@0.8.1": {
      "integrity": "sha512-1dhVQZXhcHje7798IVM+xoo/1ZdVfzOMIc8/rgVSijRK38EDqOJoGula9N/8ZI5RD8QTxNQtK/Gozpr+qUqRRA=="
    },
    "iso-datestring-validator@2.2.2": {
      "integrity": "sha512-yLEMkBbLZTlVQqOnQ4FiMujR6T4DEcCb1xizmvXS+OxuhwcbtynoosRzdMA69zZCShCNAbi+gJ71FxZBBXx1SA=="
    },
    "multiformats@9.9.0": {
      "integrity": "sha512-HoMUjhH9T8DDBNT+6xzkrd9ga/XiBI4xLr58LJACwK6G3HTOPeMz4nB4KJs33L2BelrIJa7P0VuNaVF3hMYfjg=="
    },
    "obscenity@0.4.6": {
      "integrity": "sha512-pHk7kNN7j3L3zGhhGnwxjvXIGsPpLrcZl2r58fqWh/V/rH6b/dafscj2sMmAY+A/9/wPsocLmimgGk2DKeKsFQ=="
    },
    "tlds@1.261.0": {
      "integrity": "sha512-QXqwfEl9ddlGBaRFXIvNKK6OhipSiLXuRuLJX5DErz0o0Q0rYxulWLdFryTkV5PkdZct5iMInwYEGe/eR++1AA==",
      "bin": true
    },
    "ts-chacha20@1.2.0": {
      "integrity": "sha512-PTyPoWYHc2we8P2NTn5hpYG211popWbkjiw+k63xqjeMrx9pPtXSclz9F3fu0Tpr+vfR1xxcQFwsEkh1cXMLqw=="
    },
    "tslib@2.8.1": {
      "integrity": "sha512-oJFu94HQb+KVduSUQL7wnpmqnfmLsOA/nAh6b6EH0wCEoK0/mPeXU6c3wKDV83MkOuHPRHtSXKKU99IBazS/2w=="
    },
    "uint8arrays@3.0.0": {
      "integrity": "sha512-HRCx0q6O9Bfbp+HHSfQQKD7wU70+lydKVt4EghkdOvlK/NlrF90z+eXV34mUd48rNvVJXwkrMSPpCATkct8fJA==",
      "dependencies": [
        "multiformats"
      ]
    },
    "undici-types@7.18.2": {
      "integrity": "sha512-AsuCzffGHJybSaRrmr5eHr81mwJU3kjw6M+uprWvCXiNeN9SOGwQ3Jn8jb8m3Z6izVgknn1R0FTCEAP2QrLY/w=="
    },
    "unicode-segmenter@0.14.5": {
      "integrity": "sha512-jHGmj2LUuqDcX3hqY12Ql+uhUTn8huuxNZGq7GvtF6bSybzH3aFgedYu/KTzQStEgt1Ra2F3HxadNXsNjb3m3g=="
    },
    "ws@8.20.0": {
      "integrity": "sha512-sAt8BhgNbzCtgGbt2OxmpuryO63ZoDk/sqaB/znQm94T4fCEsy/yV+7CdC1kJhOU9lboAEU7R3kquuycDoibVA=="
    },
    "zod@3.25.76": {
      "integrity": "sha512-gzUt/qt81nXsFGKIFcC3YnfEAx5NkunCfnDlvuBSSFS02bcXu4Lmea0AFIUwbLWxWPx3d9p8S5QoaujKcNQxcQ=="
    }
  },
  "redirects": {
    "https://esm.sh/@stablelib/base64@^1.0.0?target=denonext": "https://esm.sh/@stablelib/base64@1.0.1?target=denonext",
    "https://esm.sh/@supabase/node-fetch@^2.6.14?target=denonext": "https://esm.sh/@supabase/node-fetch@2.6.15?target=denonext",
    "https://esm.sh/@types/ws@~8.18.1/index.d.mts": "https://esm.sh/@types/ws@8.18.1/index.d.mts",
    "https://esm.sh/bufferutil@^4.0.1?target=denonext": "https://esm.sh/bufferutil@4.1.0?target=denonext",
    "https://esm.sh/fast-sha256@^1.3.0?target=denonext": "https://esm.sh/fast-sha256@1.3.0?target=denonext",
    "https://esm.sh/node-gyp-build@^4.3.0?target=denonext": "https://esm.sh/node-gyp-build@4.8.4?target=denonext",
    "https://esm.sh/tr46@~0.0.3?target=denonext": "https://esm.sh/tr46@0.0.3?target=denonext",
    "https://esm.sh/utf-8-validate@%3E=5.0.2?target=denonext": "https://esm.sh/utf-8-validate@6.0.6?target=denonext",
    "https://esm.sh/webidl-conversions@^3.0.0?target=denonext": "https://esm.sh/webidl-conversions@3.0.1?target=denonext",
    "https://esm.sh/whatwg-url@^5.0.0?target=denonext": "https://esm.sh/whatwg-url@5.0.0?target=denonext",
    "https://esm.sh/ws@^8.18.0?target=denonext": "https://esm.sh/ws@8.20.0?target=denonext"
  },
  "remote": {
    "https://esm.sh/@stablelib/base64@1.0.1/denonext/base64.mjs": "34390feb4ceca61c968c8b802f0da0c3e47b55979dfcad2f0b19724264b026ee",
    "https://esm.sh/@stablelib/base64@1.0.1?target=denonext": "d6a21d947314ef3a453f3e0dc95c17b7c5d4ca4a29937f10eea783360a736c51",
    "https://esm.sh/@supabase/auth-js@2.69.1/denonext/auth-js.mjs": "fb31c3925437753f5a8a90fc57ea24dc5b68b2b295e696123b1b6a635b7b3ada",
    "https://esm.sh/@supabase/functions-js@2.4.4/denonext/functions-js.mjs": "7adeb257410ef3c4a8a1eb9b4ff416c0075d1c32860ca04913c8a9dace1de6a6",
    "https://esm.sh/@supabase/node-fetch@2.6.15/denonext/node-fetch.mjs": "0bae9052231f4f6dbccc7234d05ea96923dbf967be12f402764580b6bf9f713d",
    "https://esm.sh/@supabase/node-fetch@2.6.15?target=denonext": "4d28c4ad97328403184353f68434f2b6973971507919e9150297413664919cf3",
    "https://esm.sh/@supabase/postgrest-js@1.19.4/denonext/postgrest-js.mjs": "2073b5552ba10c7a8302bffffae771e3aede1daf833382355dae239fb0ab2576",
    "https://esm.sh/@supabase/realtime-js@2.11.2/denonext/realtime-js.mjs": "c33ac375b6be89c893f9df844d2525a4ace015a35aa6ba236270d00c6605c7ba",
    "https://esm.sh/@supabase/storage-js@2.7.1/denonext/storage-js.mjs": "73ac8cdc95cfcd794fe603dbd7ce06d539ab51538ae6467eabe0f9cc26c993aa",
    "https://esm.sh/@supabase/supabase-js@2.49.4": "d52c4d06946766d328fdd0ac2e007f52bb6d2ef7ce6103ad9f0f57d92b73e978",
    "https://esm.sh/@supabase/supabase-js@2.49.4/denonext/supabase-js.mjs": "8c664dda021a5abc7c0b1f49d89d5886a7f9c63c9d365eb3764e1e27440bd781",
    "https://esm.sh/bufferutil@4.1.0/denonext/bufferutil.mjs": "9b6e81087bdc57848ad1de1f8618ebbace98ebd9ff6cab51260b48c2a045a9c9",
    "https://esm.sh/bufferutil@4.1.0?target=denonext": "aaa2a112199593ccc40da1aedf5124779862ea166afb0a8529f04f907001428a",
    "https://esm.sh/fast-sha256@1.3.0/denonext/fast-sha256.mjs": "bcf37227dddce83918628de1aed52ce77d8211499b3ad06c019cc77e0322c0b2",
    "https://esm.sh/fast-sha256@1.3.0?target=denonext": "e1af1f94f63902ce191180a8ede5eda744b74f6abb885dae5f8b1fd9e13c8575",
    "https://esm.sh/node-gyp-build@4.8.4/denonext/node-gyp-build.mjs": "9a86f2d044fc77bd60aaa3d697c2ba1b818da5fb1b9aaeedec59a40b8e908803",
    "https://esm.sh/node-gyp-build@4.8.4?target=denonext": "261a6cedf1fdbf159798141ba1e2311ac1510682c5c8b55dacc8cf5fdee4aa06",
    "https://esm.sh/standardwebhooks@1.0.0": "b8cafcb7e9a890c14c0eb74cb093f36333000122e2276cc204818f6a680c8ba9",
    "https://esm.sh/standardwebhooks@1.0.0/denonext/standardwebhooks.mjs": "6e51b5073217b0b65c233748e4d513bbd8659ed1ddeb9adc594aaf1746777645",
    "https://esm.sh/tr46@0.0.3/denonext/tr46.mjs": "5753ec0a99414f4055f0c1f97691100f13d88e48a8443b00aebb90a512785fa2",
    "https://esm.sh/tr46@0.0.3?target=denonext": "19cb9be0f0d418a0c3abb81f2df31f080e9540a04e43b0f699bce1149cba0cbb",
    "https://esm.sh/utf-8-validate@6.0.6/denonext/utf-8-validate.mjs": "4a41983aa887625615f52a52b53c223d8f16c74e52a6bd41b2c361894c07f878",
    "https://esm.sh/utf-8-validate@6.0.6?target=denonext": "8afa4e097093160323f232f971ca61474d22ccafdac8025e4e4f66ab4e07b2c4",
    "https://esm.sh/webidl-conversions@3.0.1/denonext/webidl-conversions.mjs": "238cd0743827707cbc1c2d7c2cf1027dbc536fb53ec9a3fde0ff8026a3ac5385",
    "https://esm.sh/webidl-conversions@3.0.1?target=denonext": "4e20318d50528084616c79d7b3f6e7f0fe7b6d09013bd01b3974d7448d767e29",
    "https://esm.sh/whatwg-url@5.0.0/denonext/whatwg-url.mjs": "29b16d74ee72624c915745bbd25b617cfd2248c6af0f5120d131e232a9a9af79",
    "https://esm.sh/whatwg-url@5.0.0?target=denonext": "f001a2cadf81312d214ca330033f474e74d81a003e21e8c5d70a1f46dc97b02d",
    "https://esm.sh/ws@8.20.0/denonext/ws.mjs": "8f99f7c486b2200e4fcf9449bdc4f2cd612edb2db751b7e8e7ebb5c0a2338d31",
    "https://esm.sh/ws@8.20.0?target=denonext": "effaa9bb90113d428c29c9b80d5783c9d0717da4ade0a31590a439fd2dac4509"
  },
  "workspace": {
    "dependencies": [
      "npm:@pkmn/sets@^5.2.0",
      "npm:@pkmn/sim@~0.10.7",
      "npm:obscenity@~0.4.6",
      "npm:zod@3"
    ]
  }
}
